
Microsoft Visual Studio Solution File, Format Version 12.00
# Visual Studio Version 17
VisualStudioVersion = 17.1.32421.90
MinimumVisualStudioVersion = 10.0.40219.1
Project("{FAE04EC0-301F-11D3-BF4B-00C04F79EFBC}") = "BooksApp", "BooksApp.csproj", "{7C1AFF70-DBFD-4B88-8BBB-0D311FFB5865}"
EndProject
Global
	GlobalSection(SolutionConfigurationPlatforms) = preSolution
		Debug|Any CPU = Debug|Any CPU
		Release|Any CPU = Release|Any CPU
	EndGlobalSection
	GlobalSection(ProjectConfigurationPlatforms) = postSolution
		{7C1AFF70-DBFD-4B88-8BBB-0D311FFB5865}.Debug|Any CPU.ActiveCfg = Debug|Any CPU
		{7C1AFF70-DBFD-4B88-8BBB-0D311FFB5865}.Debug|Any CPU.Build.0 = Debug|Any CPU
		{7C1AFF70-DBFD-4B88-8BBB-0D311FFB5865}.Release|Any CPU.ActiveCfg = Release|Any CPU
		{7C1AFF70-DBFD-4B88-8BBB-0D311FFB5865}.Release|Any CPU.Build.0 = Release|Any CPU
	EndGlobalSection
	GlobalSection(SolutionProperties) = preSolution
		HideSolutionNode = FALSE
	EndGlobalSection
	GlobalSection(ExtensibilityGlobals) = postSolution
		SolutionGuid = {4E9089FD-61C6-4376-9DC9-AEC79E3F8C2B}
	EndGlobalSection
EndGlobal
